
Microsoft Visual Studio Solution File, Format Version 12.00
# Visual Studio Version 16
VisualStudioVersion = 16.0.30611.23
MinimumVisualStudioVersion = 10.0.40219.1
Project("{8BC9CEB8-8B4A-11D0-8D11-00A0C91BC942}") = "q2GuiCompilers", "q2GuiCompilers\q2GuiCompilers.vcxproj", "{F76A93AC-F950-4C8A-AFFC-FB46E7F3AB6D}"
EndProject
Project("{8BC9CEB8-8B4A-11D0-8D11-00A0C91BC942}") = "glfw", "external\glfw\glfw.vcxproj", "{12FAAD91-4C17-42CB-B786-2DA98D766704}"
EndProject
Project("{8BC9CEB8-8B4A-11D0-8D11-00A0C91BC942}") = "blarghrad", "compilers\blarghrad\src\blarghrad.vcxproj", "{A0600E3F-21B3-4068-948D-F84AAF6714E4}"
	ProjectSection(ProjectDependencies) = postProject
		{D5DCF74C-CBFA-4928-8DC0-E6F6D012A70F} = {D5DCF74C-CBFA-4928-8DC0-E6F6D012A70F}
	EndProjectSection
EndProject
Project("{8BC9CEB8-8B4A-11D0-8D11-00A0C91BC942}") = "libjpeg", "compilers\blarghrad\src\libjpeg\libjpeg.vcxproj", "{D5DCF74C-CBFA-4928-8DC0-E6F6D012A70F}"
EndProject
Project("{8BC9CEB8-8B4A-11D0-8D11-00A0C91BC942}") = "qbsp", "compilers\qbsp\qbsp.vcxproj", "{EB2E18C2-F954-4502-AD5A-35DCF65EF166}"
EndProject
Global
	GlobalSection(SolutionConfigurationPlatforms) = preSolution
		Debug|x64 = Debug|x64
		Release|x64 = Release|x64
	EndGlobalSection
	GlobalSection(ProjectConfigurationPlatforms) = postSolution
		{F76A93AC-F950-4C8A-AFFC-FB46E7F3AB6D}.Debug|x64.ActiveCfg = Debug|x64
		{F76A93AC-F950-4C8A-AFFC-FB46E7F3AB6D}.Debug|x64.Build.0 = Debug|x64
		{F76A93AC-F950-4C8A-AFFC-FB46E7F3AB6D}.Release|x64.ActiveCfg = Release|x64
		{F76A93AC-F950-4C8A-AFFC-FB46E7F3AB6D}.Release|x64.Build.0 = Release|x64
		{12FAAD91-4C17-42CB-B786-2DA98D766704}.Debug|x64.ActiveCfg = Debug|x64
		{12FAAD91-4C17-42CB-B786-2DA98D766704}.Debug|x64.Build.0 = Debug|x64
		{12FAAD91-4C17-42CB-B786-2DA98D766704}.Release|x64.ActiveCfg = Release|x64
		{12FAAD91-4C17-42CB-B786-2DA98D766704}.Release|x64.Build.0 = Release|x64
		{A0600E3F-21B3-4068-948D-F84AAF6714E4}.Debug|x64.ActiveCfg = Debug|x64
		{A0600E3F-21B3-4068-948D-F84AAF6714E4}.Debug|x64.Build.0 = Debug|x64
		{A0600E3F-21B3-4068-948D-F84AAF6714E4}.Release|x64.ActiveCfg = Release|x64
		{A0600E3F-21B3-4068-948D-F84AAF6714E4}.Release|x64.Build.0 = Release|x64
		{D5DCF74C-CBFA-4928-8DC0-E6F6D012A70F}.Debug|x64.ActiveCfg = Debug|x64
		{D5DCF74C-CBFA-4928-8DC0-E6F6D012A70F}.Debug|x64.Build.0 = Debug|x64
		{D5DCF74C-CBFA-4928-8DC0-E6F6D012A70F}.Release|x64.ActiveCfg = Release|x64
		{D5DCF74C-CBFA-4928-8DC0-E6F6D012A70F}.Release|x64.Build.0 = Release|x64
		{EB2E18C2-F954-4502-AD5A-35DCF65EF166}.Debug|x64.ActiveCfg = Debug|x64
		{EB2E18C2-F954-4502-AD5A-35DCF65EF166}.Debug|x64.Build.0 = Debug|x64
		{EB2E18C2-F954-4502-AD5A-35DCF65EF166}.Release|x64.ActiveCfg = Release|x64
		{EB2E18C2-F954-4502-AD5A-35DCF65EF166}.Release|x64.Build.0 = Release|x64
	EndGlobalSection
	GlobalSection(SolutionProperties) = preSolution
		HideSolutionNode = FALSE
	EndGlobalSection
	GlobalSection(ExtensibilityGlobals) = postSolution
		SolutionGuid = {69460FD4-CD4B-4E05-A22B-09C3C850DEC5}
	EndGlobalSection
EndGlobal
